
Microsoft Visual Studio Solution File, Format Version 12.00
# Visual Studio Version 17
VisualStudioVersion = 17.14.36429.23
MinimumVisualStudioVersion = 10.0.40219.1
Project("{FAE04EC0-301F-11D3-BF4B-00C04F79EFBC}") = "Hypnode.Example", "Hypnode\Hypnode.Example.csproj", "{D6657E15-A345-444F-8E10-9E5227ED1234}"
EndProject
Project("{FAE04EC0-301F-11D3-BF4B-00C04F79EFBC}") = "Hypnode.Core", "Hypnode.Core\Hypnode.Core.csproj", "{02BCA232-A754-446A-9339-3B9D6C541941}"
EndProject
Project("{FAE04EC0-301F-11D3-BF4B-00C04F79EFBC}") = "Hypnode.Logic", "Hypnode.Logic\Hypnode.Logic.csproj", "{8C4462BA-F0F4-44CF-B4D3-8581E850B8F3}"
EndProject
Project("{FAE04EC0-301F-11D3-BF4B-00C04F79EFBC}") = "Hypnode.System", "Hypnode.System\Hypnode.System.csproj", "{613F0340-6ADD-4445-BD12-5EE48FAF7F02}"
EndProject
Project("{FAE04EC0-301F-11D3-BF4B-00C04F79EFBC}") = "Hypnode.Async", "Hypnode.Async\Hypnode.Async.csproj", "{00337C4A-915C-4C43-9459-3A3785219A59}"
EndProject
Global
	GlobalSection(SolutionConfigurationPlatforms) = preSolution
		Debug|Any CPU = Debug|Any CPU
		Release|Any CPU = Release|Any CPU
	EndGlobalSection
	GlobalSection(ProjectConfigurationPlatforms) = postSolution
		{D6657E15-A345-444F-8E10-9E5227ED1234}.Debug|Any CPU.ActiveCfg = Debug|Any CPU
		{D6657E15-A345-444F-8E10-9E5227ED1234}.Debug|Any CPU.Build.0 = Debug|Any CPU
		{D6657E15-A345-444F-8E10-9E5227ED1234}.Release|Any CPU.ActiveCfg = Release|Any CPU
		{D6657E15-A345-444F-8E10-9E5227ED1234}.Release|Any CPU.Build.0 = Release|Any CPU
		{02BCA232-A754-446A-9339-3B9D6C541941}.Debug|Any CPU.ActiveCfg = Debug|Any CPU
		{02BCA232-A754-446A-9339-3B9D6C541941}.Debug|Any CPU.Build.0 = Debug|Any CPU
		{02BCA232-A754-446A-9339-3B9D6C541941}.Release|Any CPU.ActiveCfg = Release|Any CPU
		{02BCA232-A754-446A-9339-3B9D6C541941}.Release|Any CPU.Build.0 = Release|Any CPU
		{8C4462BA-F0F4-44CF-B4D3-8581E850B8F3}.Debug|Any CPU.ActiveCfg = Debug|Any CPU
		{8C4462BA-F0F4-44CF-B4D3-8581E850B8F3}.Debug|Any CPU.Build.0 = Debug|Any CPU
		{8C4462BA-F0F4-44CF-B4D3-8581E850B8F3}.Release|Any CPU.ActiveCfg = Release|Any CPU
		{8C4462BA-F0F4-44CF-B4D3-8581E850B8F3}.Release|Any CPU.Build.0 = Release|Any CPU
		{613F0340-6ADD-4445-BD12-5EE48FAF7F02}.Debug|Any CPU.ActiveCfg = Debug|Any CPU
		{613F0340-6ADD-4445-BD12-5EE48FAF7F02}.Debug|Any CPU.Build.0 = Debug|Any CPU
		{613F0340-6ADD-4445-BD12-5EE48FAF7F02}.Release|Any CPU.ActiveCfg = Release|Any CPU
		{613F0340-6ADD-4445-BD12-5EE48FAF7F02}.Release|Any CPU.Build.0 = Release|Any CPU
		{00337C4A-915C-4C43-9459-3A3785219A59}.Debug|Any CPU.ActiveCfg = Debug|Any CPU
		{00337C4A-915C-4C43-9459-3A3785219A59}.Debug|Any CPU.Build.0 = Debug|Any CPU
		{00337C4A-915C-4C43-9459-3A3785219A59}.Release|Any CPU.ActiveCfg = Release|Any CPU
		{00337C4A-915C-4C43-9459-3A3785219A59}.Release|Any CPU.Build.0 = Release|Any CPU
	EndGlobalSection
	GlobalSection(SolutionProperties) = preSolution
		HideSolutionNode = FALSE
	EndGlobalSection
	GlobalSection(ExtensibilityGlobals) = postSolution
		SolutionGuid = {0978887F-76DC-487C-AE1B-ACD61FF6C3C1}
	EndGlobalSection
EndGlobal
